// !$*UTF8*$!
{
	archiveVersion = 1;
	classes = {
	};
	objectVersion = 50;
	objects = {

/* Begin PBXBuildFile section */
		A402772B213AB37D0090F860 /* AppDelegate.swift in Sources */ = {isa = PBXBuildFile; fileRef = A402772A213AB37D0090F860 /* AppDelegate.swift */; };
		A402772D213AB37D0090F860 /* ViewController.swift in Sources */ = {isa = PBXBuildFile; fileRef = A402772C213AB37D0090F860 /* ViewController.swift */; };
		A4027730213AB37D0090F860 /* Main.storyboard in Resources */ = {isa = PBXBuildFile; fileRef = A402772E213AB37D0090F860 /* Main.storyboard */; };
		A4027732213AB37E0090F860 /* Assets.xcassets in Resources */ = {isa = PBXBuildFile; fileRef = A4027731213AB37E0090F860 /* Assets.xcassets */; };
		A4027735213AB37E0090F860 /* LaunchScreen.storyboard in Resources */ = {isa = PBXBuildFile; fileRef = A4027733213AB37E0090F860 /* LaunchScreen.storyboard */; };
		A4027740213AB37E0090F860 /* MoveableAnimationTests.swift in Sources */ = {isa = PBXBuildFile; fileRef = A402773F213AB37E0090F860 /* MoveableAnimationTests.swift */; };
		A402774B213AB37E0090F860 /* MoveableAnimationUITests.swift in Sources */ = {isa = PBXBuildFile; fileRef = A402774A213AB37E0090F860 /* MoveableAnimationUITests.swift */; };
/* End PBXBuildFile section */

/* Begin PBXContainerItemProxy section */
		A402773C213AB37E0090F860 /* PBXContainerItemProxy */ = {
			isa = PBXContainerItemProxy;
			containerPortal = A402771F213AB37D0090F860 /* Project object */;
			proxyType = 1;
			remoteGlobalIDString = A4027726213AB37D0090F860;
			remoteInfo = MoveableAnimation;
		};
		A4027747213AB37E0090F860 /* PBXContainerItemProxy */ = {
			isa = PBXContainerItemProxy;
			containerPortal = A402771F213AB37D0090F860 /* Project object */;
			proxyType = 1;
			remoteGlobalIDString = A4027726213AB37D0090F860;
			remoteInfo = MoveableAnimation;
		};
/* End PBXContainerItemProxy section */

/* Begin PBXFileReference section */
		A4027727213AB37D0090F860 /* MoveableAnimation.app */ = {isa = PBXFileReference; explicitFileType = wrapper.application; includeInIndex = 0; path = MoveableAnimation.app; sourceTree = BUILT_PRODUCTS_DIR; };
		A402772A213AB37D0090F860 /* AppDelegate.swift */ = {isa = PBXFileReference; lastKnownFileType = sourcecode.swift; path = AppDelegate.swift; sourceTree = "<group>"; };
		A402772C213AB37D0090F860 /* ViewController.swift */ = {isa = PBXFileReference; lastKnownFileType = sourcecode.swift; path = ViewController.swift; sourceTree = "<group>"; };
		A402772F213AB37D0090F860 /* Base */ = {isa = PBXFileReference; lastKnownFileType = file.storyboard; name = Base; path = Base.lproj/Main.storyboard; sourceTree = "<group>"; };
		A4027731213AB37E0090F860 /* Assets.xcassets */ = {isa = PBXFileReference; lastKnownFileType = folder.assetcatalog; path = Assets.xcassets; sourceTree = "<group>"; };
		A4027734213AB37E0090F860 /* Base */ = {isa = PBXFileReference; lastKnownFileType = file.storyboard; name = Base; path = Base.lproj/LaunchScreen.storyboard; sourceTree = "<group>"; };
		A4027736213AB37E0090F860 /* Info.plist */ = {isa = PBXFileReference; lastKnownFileType = text.plist.xml; path = Info.plist; sourceTree = "<group>"; };
		A402773B213AB37E0090F860 /* MoveableAnimationTests.xctest */ = {isa = PBXFileReference; explicitFileType = wrapper.cfbundle; includeInIndex = 0; path = MoveableAnimationTests.xctest; sourceTree = BUILT_PRODUCTS_DIR; };
		A402773F213AB37E0090F860 /* MoveableAnimationTests.swift */ = {isa = PBXFileReference; lastKnownFileType = sourcecode.swift; path = MoveableAnimationTests.swift; sourceTree = "<group>"; };
		A4027741213AB37E0090F860 /* Info.plist */ = {isa = PBXFileReference; lastKnownFileType = text.plist.xml; path = Info.plist; sourceTree = "<group>"; };
		A4027746213AB37E0090F860 /* MoveableAnimationUITests.xctest */ = {isa = PBXFileReference; explicitFileType = wrapper.cfbundle; includeInIndex = 0; path = MoveableAnimationUITests.xctest; sourceTree = BUILT_PRODUCTS_DIR; };
		A402774A213AB37E0090F860 /* MoveableAnimationUITests.swift */ = {isa = PBXFileReference; lastKnownFileType = sourcecode.swift; path = MoveableAnimationUITests.swift; sourceTree = "<group>"; };
		A402774C213AB37E0090F860 /* Info.plist */ = {isa = PBXFileReference; lastKnownFileType = text.plist.xml; path = Info.plist; sourceTree = "<group>"; };
/* End PBXFileReference section */

/* Begin PBXFrameworksBuildPhase section */
		A4027724213AB37D0090F860 /* Frameworks */ = {
			isa = PBXFrameworksBuildPhase;
			buildActionMask = 2147483647;
			files = (
			);
			runOnlyForDeploymentPostprocessing = 0;
		};
		A4027738213AB37E0090F860 /* Frameworks */ = {
			isa = PBXFrameworksBuildPhase;
			buildActionMask = 2147483647;
			files = (
			);
			runOnlyForDeploymentPostprocessing = 0;
		};
		A4027743213AB37E0090F860 /* Frameworks */ = {
			isa = PBXFrameworksBuildPhase;
			buildActionMask = 2147483647;
			files = (
			);
			runOnlyForDeploymentPostprocessing = 0;
		};
/* End PBXFrameworksBuildPhase section */

/* Begin PBXGroup section */
		A402771E213AB37D0090F860 = {
			isa = PBXGroup;
			children = (
				A4027729213AB37D0090F860 /* MoveableAnimation */,
				A402773E213AB37E0090F860 /* MoveableAnimationTests */,
				A4027749213AB37E0090F860 /* MoveableAnimationUITests */,
				A4027728213AB37D0090F860 /* Products */,
			);
			sourceTree = "<group>";
		};
		A4027728213AB37D0090F860 /* Products */ = {
			isa = PBXGroup;
			children = (
				A4027727213AB37D0090F860 /* MoveableAnimation.app */,
				A402773B213AB37E0090F860 /* MoveableAnimationTests.xctest */,
				A4027746213AB37E0090F860 /* MoveableAnimationUITests.xctest */,
			);
			name = Products;
			sourceTree = "<group>";
		};
		A4027729213AB37D0090F860 /* MoveableAnimation */ = {
			isa = PBXGroup;
			children = (
				A402772A213AB37D0090F860 /* AppDelegate.swift */,
				A402772C213AB37D0090F860 /* ViewController.swift */,
				A402772E213AB37D0090F860 /* Main.storyboard */,
				A4027731213AB37E0090F860 /* Assets.xcassets */,
				A4027733213AB37E0090F860 /* LaunchScreen.storyboard */,
				A4027736213AB37E0090F860 /* Info.plist */,
			);
			path = MoveableAnimation;
			sourceTree = "<group>";
		};
		A402773E213AB37E0090F860 /* MoveableAnimationTests */ = {
			isa = PBXGroup;
			children = (
				A402773F213AB37E0090F860 /* MoveableAnimationTests.swift */,
				A4027741213AB37E0090F860 /* Info.plist */,
			);
			path = MoveableAnimationTests;
			sourceTree = "<group>";
		};
		A4027749213AB37E0090F860 /* MoveableAnimationUITests */ = {
			isa = PBXGroup;
			children = (
				A402774A213AB37E0090F860 /* MoveableAnimationUITests.swift */,
				A402774C213AB37E0090F860 /* Info.plist */,
			);
			path = MoveableAnimationUITests;
			sourceTree = "<group>";
		};
/* End PBXGroup section */

/* Begin PBXNativeTarget section */
		A4027726213AB37D0090F860 /* MoveableAnimation */ = {
			isa = PBXNativeTarget;
			buildConfigurationList = A402774F213AB37E0090F860 /* Build configuration list for PBXNativeTarget "MoveableAnimation" */;
			buildPhases = (
				A4027723213AB37D0090F860 /* Sources */,
				A4027724213AB37D0090F860 /* Frameworks */,
				A4027725213AB37D0090F860 /* Resources */,
			);
			buildRules = (
			);
			dependencies = (
			);
			name = MoveableAnimation;
			productName = MoveableAnimation;
			productReference = A4027727213AB37D0090F860 /* MoveableAnimation.app */;
			productType = "com.apple.product-type.application";
		};
		A402773A213AB37E0090F860 /* MoveableAnimationTests */ = {
			isa = PBXNativeTarget;
			buildConfigurationList = A4027752213AB37E0090F860 /* Build configuration list for PBXNativeTarget "MoveableAnimationTests" */;
			buildPhases = (
				A4027737213AB37E0090F860 /* Sources */,
				A4027738213AB37E0090F860 /* Frameworks */,
				A4027739213AB37E0090F860 /* Resources */,
			);
			buildRules = (
			);
			dependencies = (
				A402773D213AB37E0090F860 /* PBXTargetDependency */,
			);
			name = MoveableAnimationTests;
			productName = MoveableAnimationTests;
			productReference = A402773B213AB37E0090F860 /* MoveableAnimationTests.xctest */;
			productType = "com.apple.product-type.bundle.unit-test";
		};
		A4027745213AB37E0090F860 /* MoveableAnimationUITests */ = {
			isa = PBXNativeTarget;
			buildConfigurationList = A4027755213AB37E0090F860 /* Build configuration list for PBXNativeTarget "MoveableAnimationUITests" */;
			buildPhases = (
				A4027742213AB37E0090F860 /* Sources */,
				A4027743213AB37E0090F860 /* Frameworks */,
				A4027744213AB37E0090F860 /* Resources */,
			);
			buildRules = (
			);
			dependencies = (
				A4027748213AB37E0090F860 /* PBXTargetDependency */,
			);
			name = MoveableAnimationUITests;
			productName = MoveableAnimationUITests;
			productReference = A4027746213AB37E0090F860 /* MoveableAnimationUITests.xctest */;
			productType = "com.apple.product-type.bundle.ui-testing";
		};
/* End PBXNativeTarget section */

/* Begin PBXProject section */
		A402771F213AB37D0090F860 /* Project object */ = {
			isa = PBXProject;
			attributes = {
				LastSwiftUpdateCheck = 0940;
				LastUpgradeCheck = 0940;
				ORGANIZATIONNAME = Sun;
				TargetAttributes = {
					A4027726213AB37D0090F860 = {
						CreatedOnToolsVersion = 9.4.1;
					};
					A402773A213AB37E0090F860 = {
						CreatedOnToolsVersion = 9.4.1;
						TestTargetID = A4027726213AB37D0090F860;
					};
					A4027745213AB37E0090F860 = {
						CreatedOnToolsVersion = 9.4.1;
						TestTargetID = A4027726213AB37D0090F860;
					};
				};
			};
			buildConfigurationList = A4027722213AB37D0090F860 /* Build configuration list for PBXProject "MoveableAnimation" */;
			compatibilityVersion = "Xcode 9.3";
			developmentRegion = en;
			hasScannedForEncodings = 0;
			knownRegions = (
				en,
				Base,
			);
			mainGroup = A402771E213AB37D0090F860;
			productRefGroup = A4027728213AB37D0090F860 /* Products */;
			projectDirPath = "";
			projectRoot = "";
			targets = (
				A4027726213AB37D0090F860 /* MoveableAnimation */,
				A402773A213AB37E0090F860 /* MoveableAnimationTests */,
				A4027745213AB37E0090F860 /* MoveableAnimationUITests */,
			);
		};
/* End PBXProject section */

/* Begin PBXResourcesBuildPhase section */
		A4027725213AB37D0090F860 /* Resources */ = {
			isa = PBXResourcesBuildPhase;
			buildActionMask = 2147483647;
			files = (
				A4027735213AB37E0090F860 /* LaunchScreen.storyboard in Resources */,
				A4027732213AB37E0090F860 /* Assets.xcassets in Resources */,
				A4027730213AB37D0090F860 /* Main.storyboard in Resources */,
			);
			runOnlyForDeploymentPostprocessing = 0;
		};
		A4027739213AB37E0090F860 /* Resources */ = {
			isa = PBXResourcesBuildPhase;
			buildActionMask = 2147483647;
			files = (
			);
			runOnlyForDeploymentPostprocessing = 0;
		};
		A4027744213AB37E0090F860 /* Resources */ = {
			isa = PBXResourcesBuildPhase;
			buildActionMask = 2147483647;
			files = (
			);
			runOnlyForDeploymentPostprocessing = 0;
		};
/* End PBXResourcesBuildPhase section */

/* Begin PBXSourcesBuildPhase section */
		A4027723213AB37D0090F860 /* Sources */ = {
			isa = PBXSourcesBuildPhase;
			buildActionMask = 2147483647;
			files = (
				A402772D213AB37D0090F860 /* ViewController.swift in Sources */,
				A402772B213AB37D0090F860 /* AppDelegate.swift in Sources */,
			);
			runOnlyForDeploymentPostprocessing = 0;
		};
		A4027737213AB37E0090F860 /* Sources */ = {
			isa = PBXSourcesBuildPhase;
			buildActionMask = 2147483647;
			files = (
				A4027740213AB37E0090F860 /* MoveableAnimationTests.swift in Sources */,
			);
			runOnlyForDeploymentPostprocessing = 0;
		};
		A4027742213AB37E0090F860 /* Sources */ = {
			isa = PBXSourcesBuildPhase;
			buildActionMask = 2147483647;
			files = (
				A402774B213AB37E0090F860 /* MoveableAnimationUITests.swift in Sources */,
			);
			runOnlyForDeploymentPostprocessing = 0;
		};
/* End PBXSourcesBuildPhase section */

/* Begin PBXTargetDependency section */
		A402773D213AB37E0090F860 /* PBXTargetDependency */ = {
			isa = PBXTargetDependency;
			target = A4027726213AB37D0090F860 /* MoveableAnimation */;
			targetProxy = A402773C213AB37E0090F860 /* PBXContainerItemProxy */;
		};
		A4027748213AB37E0090F860 /* PBXTargetDependency */ = {
			isa = PBXTargetDependency;
			target = A4027726213AB37D0090F860 /* MoveableAnimation */;
			targetProxy = A4027747213AB37E0090F860 /* PBXContainerItemProxy */;
		};
/* End PBXTargetDependency section */

/* Begin PBXVariantGroup section */
		A402772E213AB37D0090F860 /* Main.storyboard */ = {
			isa = PBXVariantGroup;
			children = (
				A402772F213AB37D0090F860 /* Base */,
			);
			name = Main.storyboard;
			sourceTree = "<group>";
		};
		A4027733213AB37E0090F860 /* LaunchScreen.storyboard */ = {
			isa = PBXVariantGroup;
			children = (
				A4027734213AB37E0090F860 /* Base */,
			);
			name = LaunchScreen.storyboard;
			sourceTree = "<group>";
		};
/* End PBXVariantGroup section */

/* Begin XCBuildConfiguration section */
		A402774D213AB37E0090F860 /* Debug */ = {
			isa = XCBuildConfiguration;
			buildSettings = {
				ALWAYS_SEARCH_USER_PATHS = NO;
				CLANG_ANALYZER_NONNULL = YES;
				CLANG_ANALYZER_NUMBER_OBJECT_CONVERSION = YES_AGGRESSIVE;
				CLANG_CXX_LANGUAGE_STANDARD = "gnu++14";
				CLANG_CXX_LIBRARY = "libc++";
				CLANG_ENABLE_MODULES = YES;
				CLANG_ENABLE_OBJC_ARC = YES;
				CLANG_ENABLE_OBJC_WEAK = YES;
				CLANG_WARN_BLOCK_CAPTURE_AUTORELEASING = YES;
				CLANG_WARN_BOOL_CONVERSION = YES;
				CLANG_WARN_COMMA = YES;
				CLANG_WARN_CONSTANT_CONVERSION = YES;
				CLANG_WARN_DEPRECATED_OBJC_IMPLEMENTATIONS = YES;
				CLANG_WARN_DIRECT_OBJC_ISA_USAGE = YES_ERROR;
				CLANG_WARN_DOCUMENTATION_COMMENTS = YES;
				CLANG_WARN_EMPTY_BODY = YES;
				CLANG_WARN_ENUM_CONVERSION = YES;
				CLANG_WARN_INFINITE_RECURSION = YES;
				CLANG_WARN_INT_CONVERSION = YES;
				CLANG_WARN_NON_LITERAL_NULL_CONVERSION = YES;
				CLANG_WARN_OBJC_IMPLICIT_RETAIN_SELF = YES;
				CLANG_WARN_OBJC_LITERAL_CONVERSION = YES;
				CLANG_WARN_OBJC_ROOT_CLASS = YES_ERROR;
				CLANG_WARN_RANGE_LOOP_ANALYSIS = YES;
				CLANG_WARN_STRICT_PROTOTYPES = YES;
				CLANG_WARN_SUSPICIOUS_MOVE = YES;
				CLANG_WARN_UNGUARDED_AVAILABILITY = YES_AGGRESSIVE;
				CLANG_WARN_UNREACHABLE_CODE = YES;
				CLANG_WARN__DUPLICATE_METHOD_MATCH = YES;
				CODE_SIGN_IDENTITY = "iPhone Developer";
				COPY_PHASE_STRIP = NO;
				DEBUG_INFORMATION_FORMAT = dwarf;
				ENABLE_STRICT_OBJC_MSGSEND = YES;
				ENABLE_TESTABILITY = YES;
				GCC_C_LANGUAGE_STANDARD = gnu11;
				GCC_DYNAMIC_NO_PIC = NO;
				GCC_NO_COMMON_BLOCKS = YES;
				GCC_OPTIMIZATION_LEVEL = 0;
				GCC_PREPROCESSOR_DEFINITIONS = (
					"DEBUG=1",
					"$(inherited)",
				);
				GCC_WARN_64_TO_32_BIT_CONVERSION = YES;
				GCC_WARN_ABOUT_RETURN_TYPE = YES_ERROR;
				GCC_WARN_UNDECLARED_SELECTOR = YES;
				GCC_WARN_UNINITIALIZED_AUTOS = YES_AGGRESSIVE;
				GCC_WARN_UNUSED_FUNCTION = YES;
				GCC_WARN_UNUSED_VARIABLE = YES;
				IPHONEOS_DEPLOYMENT_TARGET = 11.4;
				MTL_ENABLE_DEBUG_INFO = YES;
				ONLY_ACTIVE_ARCH = YES;
				SDKROOT = iphoneos;
				SWIFT_ACTIVE_COMPILATION_CONDITIONS = DEBUG;
				SWIFT_OPTIMIZATION_LEVEL = "-Onone";
			};
			name = Debug;
		};
		A402774E213AB37E0090F860 /* Release */ = {
			isa = XCBuildConfiguration;
			buildSettings = {
				ALWAYS_SEARCH_USER_PATHS = NO;
				CLANG_ANALYZER_NONNULL = YES;
				CLANG_ANALYZER_NUMBER_OBJECT_CONVERSION = YES_AGGRESSIVE;
				CLANG_CXX_LANGUAGE_STANDARD = "gnu++14";
				CLANG_CXX_LIBRARY = "libc++";
				CLANG_ENABLE_MODULES = YES;
				CLANG_ENABLE_OBJC_ARC = YES;
				CLANG_ENABLE_OBJC_WEAK = YES;
				CLANG_WARN_BLOCK_CAPTURE_AUTORELEASING = YES;
				CLANG_WARN_BOOL_CONVERSION = YES;
				CLANG_WARN_COMMA = YES;
				CLANG_WARN_CONSTANT_CONVERSION = YES;
				CLANG_WARN_DEPRECATED_OBJC_IMPLEMENTATIONS = YES;
				CLANG_WARN_DIRECT_OBJC_ISA_USAGE = YES_ERROR;
				CLANG_WARN_DOCUMENTATION_COMMENTS = YES;
				CLANG_WARN_EMPTY_BODY = YES;
				CLANG_WARN_ENUM_CONVERSION = YES;
				CLANG_WARN_INFINITE_RECURSION = YES;
				CLANG_WARN_INT_CONVERSION = YES;
				CLANG_WARN_NON_LITERAL_NULL_CONVERSION = YES;
				CLANG_WARN_OBJC_IMPLICIT_RETAIN_SELF = YES;
				CLANG_WARN_OBJC_LITERAL_CONVERSION = YES;
				CLANG_WARN_OBJC_ROOT_CLASS = YES_ERROR;
				CLANG_WARN_RANGE_LOOP_ANALYSIS = YES;
				CLANG_WARN_STRICT_PROTOTYPES = YES;
				CLANG_WARN_SUSPICIOUS_MOVE = YES;
				CLANG_WARN_UNGUARDED_AVAILABILITY = YES_AGGRESSIVE;
				CLANG_WARN_UNREACHABLE_CODE = YES;
				CLANG_WARN__DUPLICATE_METHOD_MATCH = YES;
				CODE_SIGN_IDENTITY = "iPhone Developer";
				COPY_PHASE_STRIP = NO;
				DEBUG_INFORMATION_FORMAT = "dwarf-with-dsym";
				ENABLE_NS_ASSERTIONS = NO;
				ENABLE_STRICT_OBJC_MSGSEND = YES;
				GCC_C_LANGUAGE_STANDARD = gnu11;
				GCC_NO_COMMON_BLOCKS = YES;
				GCC_WARN_64_TO_32_BIT_CONVERSION = YES;
				GCC_WARN_ABOUT_RETURN_TYPE = YES_ERROR;
				GCC_WARN_UNDECLARED_SELECTOR = YES;
				GCC_WARN_UNINITIALIZED_AUTOS = YES_AGGRESSIVE;
				GCC_WARN_UNUSED_FUNCTION = YES;
				GCC_WARN_UNUSED_VARIABLE = YES;
				IPHONEOS_DEPLOYMENT_TARGET = 11.4;
				MTL_ENABLE_DEBUG_INFO = NO;
				SDKROOT = iphoneos;
				SWIFT_COMPILATION_MODE = wholemodule;
				SWIFT_OPTIMIZATION_LEVEL = "-O";
				VALIDATE_PRODUCT = YES;
			};
			name = Release;
		};
		A4027750213AB37E0090F860 /* Debug */ = {
			isa = XCBuildConfiguration;
			buildSettings = {
				ASSETCATALOG_COMPILER_APPICON_NAME = AppIcon;
				CODE_SIGN_STYLE = Automatic;
				DEVELOPMENT_TEAM = HU7XTQSZ6Z;
				INFOPLIST_FILE = MoveableAnimation/Info.plist;
				LD_RUNPATH_SEARCH_PATHS = (
					"$(inherited)",
					"@executable_path/Frameworks",
				);
				PRODUCT_BUNDLE_IDENTIFIER = com.ideerpark.MoveableAnimation;
				PRODUCT_NAME = "$(TARGET_NAME)";
				SWIFT_VERSION = 4.0;
				TARGETED_DEVICE_FAMILY = "1,2";
			};
			name = Debug;
		};
		A4027751213AB37E0090F860 /* Release */ = {
			isa = XCBuildConfiguration;
			buildSettings = {
				ASSETCATALOG_COMPILER_APPICON_NAME = AppIcon;
				CODE_SIGN_STYLE = Automatic;
				DEVELOPMENT_TEAM = HU7XTQSZ6Z;
				INFOPLIST_FILE = MoveableAnimation/Info.plist;
				LD_RUNPATH_SEARCH_PATHS = (
					"$(inherited)",
					"@executable_path/Frameworks",
				);
				PRODUCT_BUNDLE_IDENTIFIER = com.ideerpark.MoveableAnimation;
				PRODUCT_NAME = "$(TARGET_NAME)";
				SWIFT_VERSION = 4.0;
				TARGETED_DEVICE_FAMILY = "1,2";
			};
			name = Release;
		};
		A4027753213AB37E0090F860 /* Debug */ = {
			isa = XCBuildConfiguration;
			buildSettings = {
				ALWAYS_EMBED_SWIFT_STANDARD_LIBRARIES = YES;
				BUNDLE_LOADER = "$(TEST_HOST)";
				CODE_SIGN_STYLE = Automatic;
				DEVELOPMENT_TEAM = HU7XTQSZ6Z;
				INFOPLIST_FILE = MoveableAnimationTests/Info.plist;
				LD_RUNPATH_SEARCH_PATHS = (
					"$(inherited)",
					"@executable_path/Frameworks",
					"@loader_path/Frameworks",
				);
				PRODUCT_BUNDLE_IDENTIFIER = com.ideerpark.MoveableAnimationTests;
				PRODUCT_NAME = "$(TARGET_NAME)";
				SWIFT_VERSION = 4.0;
				TARGETED_DEVICE_FAMILY = "1,2";
				TEST_HOST = "$(BUILT_PRODUCTS_DIR)/MoveableAnimation.app/MoveableAnimation";
			};
			name = Debug;
		};
		A4027754213AB37E0090F860 /* Release */ = {
			isa = XCBuildConfiguration;
			buildSettings = {
				ALWAYS_EMBED_SWIFT_STANDARD_LIBRARIES = YES;
				BUNDLE_LOADER = "$(TEST_HOST)";
				CODE_SIGN_STYLE = Automatic;
				DEVELOPMENT_TEAM = HU7XTQSZ6Z;
				INFOPLIST_FILE = MoveableAnimationTests/Info.plist;
				LD_RUNPATH_SEARCH_PATHS = (
					"$(inherited)",
					"@executable_path/Frameworks",
					"@loader_path/Frameworks",
				);
				PRODUCT_BUNDLE_IDENTIFIER = com.ideerpark.MoveableAnimationTests;
				PRODUCT_NAME = "$(TARGET_NAME)";
				SWIFT_VERSION = 4.0;
				TARGETED_DEVICE_FAMILY = "1,2";
				TEST_HOST = "$(BUILT_PRODUCTS_DIR)/MoveableAnimation.app/MoveableAnimation";
			};
			name = Release;
		};
		A4027756213AB37E0090F860 /* Debug */ = {
			isa = XCBuildConfiguration;
			buildSettings = {
				ALWAYS_EMBED_SWIFT_STANDARD_LIBRARIES = YES;
				CODE_SIGN_STYLE = Automatic;
				DEVELOPMENT_TEAM = HU7XTQSZ6Z;
				INFOPLIST_FILE = MoveableAnimationUITests/Info.plist;
				LD_RUNPATH_SEARCH_PATHS = (
					"$(inherited)",
					"@executable_path/Frameworks",
					"@loader_path/Frameworks",
				);
				PRODUCT_BUNDLE_IDENTIFIER = com.ideerpark.MoveableAnimationUITests;
				PRODUCT_NAME = "$(TARGET_NAME)";
				SWIFT_VERSION = 4.0;
				TARGETED_DEVICE_FAMILY = "1,2";
				TEST_TARGET_NAME = MoveableAnimation;
			};
			name = Debug;
		};
		A4027757213AB37E0090F860 /* Release */ = {
			isa = XCBuildConfiguration;
			buildSettings = {
				ALWAYS_EMBED_SWIFT_STANDARD_LIBRARIES = YES;
				CODE_SIGN_STYLE = Automatic;
				DEVELOPMENT_TEAM = HU7XTQSZ6Z;
				INFOPLIST_FILE = MoveableAnimationUITests/Info.plist;
				LD_RUNPATH_SEARCH_PATHS = (
					"$(inherited)",
					"@executable_path/Frameworks",
					"@loader_path/Frameworks",
				);
				PRODUCT_BUNDLE_IDENTIFIER = com.ideerpark.MoveableAnimationUITests;
				PRODUCT_NAME = "$(TARGET_NAME)";
				SWIFT_VERSION = 4.0;
				TARGETED_DEVICE_FAMILY = "1,2";
				TEST_TARGET_NAME = MoveableAnimation;
			};
			name = Release;
		};
/* End XCBuildConfiguration section */

/* Begin XCConfigurationList section */
		A4027722213AB37D0090F860 /* Build configuration list for PBXProject "MoveableAnimation" */ = {
			isa = XCConfigurationList;
			buildConfigurations = (
				A402774D213AB37E0090F860 /* Debug */,
				A402774E213AB37E0090F860 /* Release */,
			);
			defaultConfigurationIsVisible = 0;
			defaultConfigurationName = Release;
		};
		A402774F213AB37E0090F860 /* Build configuration list for PBXNativeTarget "MoveableAnimation" */ = {
			isa = XCConfigurationList;
			buildConfigurations = (
				A4027750213AB37E0090F860 /* Debug */,
				A4027751213AB37E0090F860 /* Release */,
			);
			defaultConfigurationIsVisible = 0;
			defaultConfigurationName = Release;
		};
		A4027752213AB37E0090F860 /* Build configuration list for PBXNativeTarget "MoveableAnimationTests" */ = {
			isa = XCConfigurationList;
			buildConfigurations = (
				A4027753213AB37E0090F860 /* Debug */,
				A4027754213AB37E0090F860 /* Release */,
			);
			defaultConfigurationIsVisible = 0;
			defaultConfigurationName = Release;
		};
		A4027755213AB37E0090F860 /* Build configuration list for PBXNativeTarget "MoveableAnimationUITests" */ = {
			isa = XCConfigurationList;
			buildConfigurations = (
				A4027756213AB37E0090F860 /* Debug */,
				A4027757213AB37E0090F860 /* Release */,
			);
			defaultConfigurationIsVisible = 0;
			defaultConfigurationName = Release;
		};
/* End XCConfigurationList section */
	};
	rootObject = A402771F213AB37D0090F860 /* Project object */;
}
